
Microsoft Visual Studio Solution File, Format Version 12.00
# Visual Studio Version 17
VisualStudioVersion = 17.13.35806.99
MinimumVisualStudioVersion = 10.0.40219.1
Project("{2150E333-8FDC-42A3-9474-1A3956D46DE8}") = "Plugins", "Plugins", "{02EA681E-C7D8-13C7-8484-4AC65E1B71E8}"
EndProject
Project("{2150E333-8FDC-42A3-9474-1A3956D46DE8}") = "Mining", "Mining", "{0DCAE975-9494-47A0-942D-6328204952B9}"
EndProject
Project("{2150E333-8FDC-42A3-9474-1A3956D46DE8}") = "Landscaping", "Landscaping", "{585B5385-7861-48D9-99DB-A447380C7C40}"
EndProject
Project("{2150E333-8FDC-42A3-9474-1A3956D46DE8}") = "YardShifting", "YardShifting", "{EEDCEF95-7EEF-4530-8C4E-ADE5F902C6B3}"
EndProject
Project("{2150E333-8FDC-42A3-9474-1A3956D46DE8}") = "Core", "Core", "{AB56C60E-1D3B-4308-A89E-6F71B05FDB7C}"
EndProject
Project("{FAE04EC0-301F-11D3-BF4B-00C04F79EFBC}") = "ClassLibrary4", "Projects\Plugins\Yardshifting\ClassLibrary4\ClassLibrary4.csproj", "{1E35ECC4-520B-6A8B-C4E7-23A0C798F7CF}"
EndProject
Project("{FAE04EC0-301F-11D3-BF4B-00C04F79EFBC}") = "ClassLibrary2", "Projects\Plugins\Mining\ClassLibrary2\ClassLibrary2.csproj", "{89CCF2D4-2DA9-A5C9-EC1C-2018E1D609D4}"
EndProject
Project("{FAE04EC0-301F-11D3-BF4B-00C04F79EFBC}") = "ClassLibrary3", "Projects\Plugins\Landscaping\ClassLibrary3\ClassLibrary3.csproj", "{6282E4B7-2005-4071-6203-201AC253A0CE}"
EndProject
Project("{FAE04EC0-301F-11D3-BF4B-00C04F79EFBC}") = "ClassLibrary1", "Projects\Plugins\Core\ClassLibrary1\ClassLibrary1.csproj", "{1E5BCD16-432F-3C9E-A997-CE0300F1EBF9}"
EndProject
Project("{FAE04EC0-301F-11D3-BF4B-00C04F79EFBC}") = "LaughingJourney", "Projects\LaughingJourney\LaughingJourney.csproj", "{CDBE0710-D7D2-C4B7-F759-A36BB3F704EC}"
EndProject
Global
	GlobalSection(SolutionConfigurationPlatforms) = preSolution
		Debug|Any CPU = Debug|Any CPU
		Release|Any CPU = Release|Any CPU
	EndGlobalSection
	GlobalSection(ProjectConfigurationPlatforms) = postSolution
		{1E35ECC4-520B-6A8B-C4E7-23A0C798F7CF}.Debug|Any CPU.ActiveCfg = Debug|Any CPU
		{1E35ECC4-520B-6A8B-C4E7-23A0C798F7CF}.Debug|Any CPU.Build.0 = Debug|Any CPU
		{1E35ECC4-520B-6A8B-C4E7-23A0C798F7CF}.Release|Any CPU.ActiveCfg = Release|Any CPU
		{1E35ECC4-520B-6A8B-C4E7-23A0C798F7CF}.Release|Any CPU.Build.0 = Release|Any CPU
		{89CCF2D4-2DA9-A5C9-EC1C-2018E1D609D4}.Debug|Any CPU.ActiveCfg = Debug|Any CPU
		{89CCF2D4-2DA9-A5C9-EC1C-2018E1D609D4}.Debug|Any CPU.Build.0 = Debug|Any CPU
		{89CCF2D4-2DA9-A5C9-EC1C-2018E1D609D4}.Release|Any CPU.ActiveCfg = Release|Any CPU
		{89CCF2D4-2DA9-A5C9-EC1C-2018E1D609D4}.Release|Any CPU.Build.0 = Release|Any CPU
		{6282E4B7-2005-4071-6203-201AC253A0CE}.Debug|Any CPU.ActiveCfg = Debug|Any CPU
		{6282E4B7-2005-4071-6203-201AC253A0CE}.Debug|Any CPU.Build.0 = Debug|Any CPU
		{6282E4B7-2005-4071-6203-201AC253A0CE}.Release|Any CPU.ActiveCfg = Release|Any CPU
		{6282E4B7-2005-4071-6203-201AC253A0CE}.Release|Any CPU.Build.0 = Release|Any CPU
		{1E5BCD16-432F-3C9E-A997-CE0300F1EBF9}.Debug|Any CPU.ActiveCfg = Debug|Any CPU
		{1E5BCD16-432F-3C9E-A997-CE0300F1EBF9}.Debug|Any CPU.Build.0 = Debug|Any CPU
		{1E5BCD16-432F-3C9E-A997-CE0300F1EBF9}.Release|Any CPU.ActiveCfg = Release|Any CPU
		{1E5BCD16-432F-3C9E-A997-CE0300F1EBF9}.Release|Any CPU.Build.0 = Release|Any CPU
		{CDBE0710-D7D2-C4B7-F759-A36BB3F704EC}.Debug|Any CPU.ActiveCfg = Debug|Any CPU
		{CDBE0710-D7D2-C4B7-F759-A36BB3F704EC}.Debug|Any CPU.Build.0 = Debug|Any CPU
		{CDBE0710-D7D2-C4B7-F759-A36BB3F704EC}.Release|Any CPU.ActiveCfg = Release|Any CPU
		{CDBE0710-D7D2-C4B7-F759-A36BB3F704EC}.Release|Any CPU.Build.0 = Release|Any CPU
	EndGlobalSection
	GlobalSection(SolutionProperties) = preSolution
		HideSolutionNode = FALSE
	EndGlobalSection
	GlobalSection(NestedProjects) = preSolution
		{0DCAE975-9494-47A0-942D-6328204952B9} = {02EA681E-C7D8-13C7-8484-4AC65E1B71E8}
		{585B5385-7861-48D9-99DB-A447380C7C40} = {02EA681E-C7D8-13C7-8484-4AC65E1B71E8}
		{EEDCEF95-7EEF-4530-8C4E-ADE5F902C6B3} = {02EA681E-C7D8-13C7-8484-4AC65E1B71E8}
		{AB56C60E-1D3B-4308-A89E-6F71B05FDB7C} = {02EA681E-C7D8-13C7-8484-4AC65E1B71E8}
		{1E35ECC4-520B-6A8B-C4E7-23A0C798F7CF} = {EEDCEF95-7EEF-4530-8C4E-ADE5F902C6B3}
		{89CCF2D4-2DA9-A5C9-EC1C-2018E1D609D4} = {0DCAE975-9494-47A0-942D-6328204952B9}
		{6282E4B7-2005-4071-6203-201AC253A0CE} = {585B5385-7861-48D9-99DB-A447380C7C40}
		{1E5BCD16-432F-3C9E-A997-CE0300F1EBF9} = {AB56C60E-1D3B-4308-A89E-6F71B05FDB7C}
	EndGlobalSection
	GlobalSection(ExtensibilityGlobals) = postSolution
		SolutionGuid = {4A873400-2ED7-4275-A02E-74DC07F7B129}
	EndGlobalSection
EndGlobal
