
Microsoft Visual Studio Solution File, Format Version 12.00
# Visual Studio Version 17
VisualStudioVersion = 17.13.35806.99 d17.13
MinimumVisualStudioVersion = 10.0.40219.1
Project("{FAE04EC0-301F-11D3-BF4B-00C04F79EFBC}") = "LaughingJourney", "LaughingJourney\LaughingJourney.csproj", "{23CFDF5D-BA60-4701-82AF-8336B2F25218}"
EndProject
Project("{2150E333-8FDC-42A3-9474-1A3956D46DE8}") = "Plugins", "Plugins", "{02EA681E-C7D8-13C7-8484-4AC65E1B71E8}"
EndProject
Project("{2150E333-8FDC-42A3-9474-1A3956D46DE8}") = "Mining", "Mining", "{0DCAE975-9494-47A0-942D-6328204952B9}"
EndProject
Project("{2150E333-8FDC-42A3-9474-1A3956D46DE8}") = "Landscaping", "Landscaping", "{585B5385-7861-48D9-99DB-A447380C7C40}"
EndProject
Project("{2150E333-8FDC-42A3-9474-1A3956D46DE8}") = "YardShifting", "YardShifting", "{EEDCEF95-7EEF-4530-8C4E-ADE5F902C6B3}"
EndProject
Project("{2150E333-8FDC-42A3-9474-1A3956D46DE8}") = "Core", "Core", "{AB56C60E-1D3B-4308-A89E-6F71B05FDB7C}"
EndProject
Project("{FAE04EC0-301F-11D3-BF4B-00C04F79EFBC}") = "ClassLibrary1", "ClassLibrary1\ClassLibrary1.csproj", "{3F199983-E75F-41DD-9B40-AC1D95D338E4}"
EndProject
Project("{FAE04EC0-301F-11D3-BF4B-00C04F79EFBC}") = "ClassLibrary2", "ClassLibrary2\ClassLibrary2.csproj", "{EF8A19AA-F15D-435B-B16E-65AB75835062}"
EndProject
Project("{FAE04EC0-301F-11D3-BF4B-00C04F79EFBC}") = "ClassLibrary3", "ClassLibrary3\ClassLibrary3.csproj", "{4B0D5A10-93ED-407B-A19E-28D6E534AEF4}"
EndProject
Project("{FAE04EC0-301F-11D3-BF4B-00C04F79EFBC}") = "ClassLibrary4", "ClassLibrary4\ClassLibrary4.csproj", "{406391CD-6FA1-490D-8F6D-97B1812E468E}"
EndProject
Global
	GlobalSection(SolutionConfigurationPlatforms) = preSolution
		Debug|Any CPU = Debug|Any CPU
		Release|Any CPU = Release|Any CPU
	EndGlobalSection
	GlobalSection(ProjectConfigurationPlatforms) = postSolution
		{23CFDF5D-BA60-4701-82AF-8336B2F25218}.Debug|Any CPU.ActiveCfg = Debug|Any CPU
		{23CFDF5D-BA60-4701-82AF-8336B2F25218}.Debug|Any CPU.Build.0 = Debug|Any CPU
		{23CFDF5D-BA60-4701-82AF-8336B2F25218}.Release|Any CPU.ActiveCfg = Release|Any CPU
		{23CFDF5D-BA60-4701-82AF-8336B2F25218}.Release|Any CPU.Build.0 = Release|Any CPU
		{3F199983-E75F-41DD-9B40-AC1D95D338E4}.Debug|Any CPU.ActiveCfg = Debug|Any CPU
		{3F199983-E75F-41DD-9B40-AC1D95D338E4}.Debug|Any CPU.Build.0 = Debug|Any CPU
		{3F199983-E75F-41DD-9B40-AC1D95D338E4}.Release|Any CPU.ActiveCfg = Release|Any CPU
		{3F199983-E75F-41DD-9B40-AC1D95D338E4}.Release|Any CPU.Build.0 = Release|Any CPU
		{EF8A19AA-F15D-435B-B16E-65AB75835062}.Debug|Any CPU.ActiveCfg = Debug|Any CPU
		{EF8A19AA-F15D-435B-B16E-65AB75835062}.Debug|Any CPU.Build.0 = Debug|Any CPU
		{EF8A19AA-F15D-435B-B16E-65AB75835062}.Release|Any CPU.ActiveCfg = Release|Any CPU
		{EF8A19AA-F15D-435B-B16E-65AB75835062}.Release|Any CPU.Build.0 = Release|Any CPU
		{4B0D5A10-93ED-407B-A19E-28D6E534AEF4}.Debug|Any CPU.ActiveCfg = Debug|Any CPU
		{4B0D5A10-93ED-407B-A19E-28D6E534AEF4}.Debug|Any CPU.Build.0 = Debug|Any CPU
		{4B0D5A10-93ED-407B-A19E-28D6E534AEF4}.Release|Any CPU.ActiveCfg = Release|Any CPU
		{4B0D5A10-93ED-407B-A19E-28D6E534AEF4}.Release|Any CPU.Build.0 = Release|Any CPU
		{406391CD-6FA1-490D-8F6D-97B1812E468E}.Debug|Any CPU.ActiveCfg = Debug|Any CPU
		{406391CD-6FA1-490D-8F6D-97B1812E468E}.Debug|Any CPU.Build.0 = Debug|Any CPU
		{406391CD-6FA1-490D-8F6D-97B1812E468E}.Release|Any CPU.ActiveCfg = Release|Any CPU
		{406391CD-6FA1-490D-8F6D-97B1812E468E}.Release|Any CPU.Build.0 = Release|Any CPU
	EndGlobalSection
	GlobalSection(SolutionProperties) = preSolution
		HideSolutionNode = FALSE
	EndGlobalSection
	GlobalSection(NestedProjects) = preSolution
		{0DCAE975-9494-47A0-942D-6328204952B9} = {02EA681E-C7D8-13C7-8484-4AC65E1B71E8}
		{585B5385-7861-48D9-99DB-A447380C7C40} = {02EA681E-C7D8-13C7-8484-4AC65E1B71E8}
		{EEDCEF95-7EEF-4530-8C4E-ADE5F902C6B3} = {02EA681E-C7D8-13C7-8484-4AC65E1B71E8}
		{AB56C60E-1D3B-4308-A89E-6F71B05FDB7C} = {02EA681E-C7D8-13C7-8484-4AC65E1B71E8}
		{3F199983-E75F-41DD-9B40-AC1D95D338E4} = {EEDCEF95-7EEF-4530-8C4E-ADE5F902C6B3}
		{EF8A19AA-F15D-435B-B16E-65AB75835062} = {0DCAE975-9494-47A0-942D-6328204952B9}
		{4B0D5A10-93ED-407B-A19E-28D6E534AEF4} = {585B5385-7861-48D9-99DB-A447380C7C40}
		{406391CD-6FA1-490D-8F6D-97B1812E468E} = {AB56C60E-1D3B-4308-A89E-6F71B05FDB7C}
	EndGlobalSection
	GlobalSection(ExtensibilityGlobals) = postSolution
		SolutionGuid = {4A873400-2ED7-4275-A02E-74DC07F7B129}
	EndGlobalSection
EndGlobal
